
Microsoft Visual Studio Solution File, Format Version 12.00
# Visual Studio Version 17
VisualStudioVersion = 17.5.002.0
MinimumVisualStudioVersion = 10.0.40219.1
Project("{9A19103F-16F7-4668-BE54-9A1E7A4F7556}") = "Monogame", "Monogame.csproj", "{84AAA0AA-66A5-4C2E-B230-E198C3752B9D}"
EndProject
Global
	GlobalSection(SolutionConfigurationPlatforms) = preSolution
		Debug|Any CPU = Debug|Any CPU
		Release|Any CPU = Release|Any CPU
	EndGlobalSection
	GlobalSection(ProjectConfigurationPlatforms) = postSolution
		{84AAA0AA-66A5-4C2E-B230-E198C3752B9D}.Debug|Any CPU.ActiveCfg = Debug|Any CPU
		{84AAA0AA-66A5-4C2E-B230-E198C3752B9D}.Debug|Any CPU.Build.0 = Debug|Any CPU
		{84AAA0AA-66A5-4C2E-B230-E198C3752B9D}.Release|Any CPU.ActiveCfg = Release|Any CPU
		{84AAA0AA-66A5-4C2E-B230-E198C3752B9D}.Release|Any CPU.Build.0 = Release|Any CPU
	EndGlobalSection
	GlobalSection(SolutionProperties) = preSolution
		HideSolutionNode = FALSE
	EndGlobalSection
	GlobalSection(ExtensibilityGlobals) = postSolution
		SolutionGuid = {3A35597E-B736-456F-A40B-44809182E954}
	EndGlobalSection
EndGlobal
